
Microsoft Visual Studio Solution File, Format Version 10.00
# Visual Studio 2008
Project("{8BC9CEB8-8B4A-11D0-8D11-00A0C91BC942}") = "rich-exception", "rich-exception.vcproj", "{31439C50-1FC9-41A4-9E42-9A99663F172F}"
EndProject
Global
	GlobalSection(SolutionConfigurationPlatforms) = preSolution
		Debug|Win32 = Debug|Win32
		Release|Win32 = Release|Win32
	EndGlobalSection
	GlobalSection(ProjectConfigurationPlatforms) = postSolution
		{31439C50-1FC9-41A4-9E42-9A99663F172F}.Debug|Win32.ActiveCfg = Debug|Win32
		{31439C50-1FC9-41A4-9E42-9A99663F172F}.Debug|Win32.Build.0 = Debug|Win32
		{31439C50-1FC9-41A4-9E42-9A99663F172F}.Release|Win32.ActiveCfg = Release|Win32
		{31439C50-1FC9-41A4-9E42-9A99663F172F}.Release|Win32.Build.0 = Release|Win32
	EndGlobalSection
	GlobalSection(SolutionProperties) = preSolution
		HideSolutionNode = FALSE
	EndGlobalSection
EndGlobal
